// !$*UTF8*$!
{
	archiveVersion = 1;
	classes = {
	};
	objectVersion = 52;
	objects = {

/* Begin PBXBuildFile section */
		33057EDF2354004600AD06DB /* TabRowView.swift in Sources */ = {isa = PBXBuildFile; fileRef = 33057EDE2354004600AD06DB /* TabRowView.swift */; };
		33057EE1235403A400AD06DB /* UserAuth.swift in Sources */ = {isa = PBXBuildFile; fileRef = 33057EE0235403A400AD06DB /* UserAuth.swift */; };
		333D18362336DECC0005AD45 /* AppDelegate.swift in Sources */ = {isa = PBXBuildFile; fileRef = 333D18352336DECC0005AD45 /* AppDelegate.swift */; };
		333D18382336DECC0005AD45 /* SceneDelegate.swift in Sources */ = {isa = PBXBuildFile; fileRef = 333D18372336DECC0005AD45 /* SceneDelegate.swift */; };
		333D183B2336DECC0005AD45 /* Shelf.xcdatamodeld in Sources */ = {isa = PBXBuildFile; fileRef = 333D18392336DECC0005AD45 /* Shelf.xcdatamodeld */; };
		333D183D2336DECC0005AD45 /* ContentView.swift in Sources */ = {isa = PBXBuildFile; fileRef = 333D183C2336DECC0005AD45 /* ContentView.swift */; };
		333D183F2336DECE0005AD45 /* Assets.xcassets in Resources */ = {isa = PBXBuildFile; fileRef = 333D183E2336DECE0005AD45 /* Assets.xcassets */; };
		333D18422336DECE0005AD45 /* Preview Assets.xcassets in Resources */ = {isa = PBXBuildFile; fileRef = 333D18412336DECE0005AD45 /* Preview Assets.xcassets */; };
		333D18452336DECE0005AD45 /* LaunchScreen.storyboard in Resources */ = {isa = PBXBuildFile; fileRef = 333D18432336DECE0005AD45 /* LaunchScreen.storyboard */; };
		333D18502336DECE0005AD45 /* ShelfTests.swift in Sources */ = {isa = PBXBuildFile; fileRef = 333D184F2336DECE0005AD45 /* ShelfTests.swift */; };
		333D185B2336DECF0005AD45 /* ShelfUITests.swift in Sources */ = {isa = PBXBuildFile; fileRef = 333D185A2336DECF0005AD45 /* ShelfUITests.swift */; };
		3365D2DD234FE76A003E6B79 /* HomeView.swift in Sources */ = {isa = PBXBuildFile; fileRef = 3365D2DC234FE76A003E6B79 /* HomeView.swift */; };
		33C3C1A92353A46700E1652A /* SwiftyJSON in Frameworks */ = {isa = PBXBuildFile; productRef = 33C3C1A82353A46700E1652A /* SwiftyJSON */; };
		33C3C1AB2353A78C00E1652A /* LoginService.swift in Sources */ = {isa = PBXBuildFile; fileRef = 33C3C1AA2353A78C00E1652A /* LoginService.swift */; };
		33C3C1B12353B7AD00E1652A /* Alamofire in Frameworks */ = {isa = PBXBuildFile; productRef = 33C3C1B02353B7AD00E1652A /* Alamofire */; };
		33C3C1B32353BF0200E1652A /* User.swift in Sources */ = {isa = PBXBuildFile; fileRef = 33C3C1B22353BF0200E1652A /* User.swift */; };
		33C3C1B52353C62B00E1652A /* Game.swift in Sources */ = {isa = PBXBuildFile; fileRef = 33C3C1B42353C62B00E1652A /* Game.swift */; };
		33C3C1B72353EC7200E1652A /* LoginView.swift in Sources */ = {isa = PBXBuildFile; fileRef = 33C3C1B62353EC7200E1652A /* LoginView.swift */; };
/* End PBXBuildFile section */

/* Begin PBXContainerItemProxy section */
		333D184C2336DECE0005AD45 /* PBXContainerItemProxy */ = {
			isa = PBXContainerItemProxy;
			containerPortal = 333D182A2336DECC0005AD45 /* Project object */;
			proxyType = 1;
			remoteGlobalIDString = 333D18312336DECC0005AD45;
			remoteInfo = Shelf;
		};
		333D18572336DECF0005AD45 /* PBXContainerItemProxy */ = {
			isa = PBXContainerItemProxy;
			containerPortal = 333D182A2336DECC0005AD45 /* Project object */;
			proxyType = 1;
			remoteGlobalIDString = 333D18312336DECC0005AD45;
			remoteInfo = Shelf;
		};
/* End PBXContainerItemProxy section */

/* Begin PBXFileReference section */
		33057EDE2354004600AD06DB /* TabRowView.swift */ = {isa = PBXFileReference; lastKnownFileType = sourcecode.swift; path = TabRowView.swift; sourceTree = "<group>"; };
		33057EE0235403A400AD06DB /* UserAuth.swift */ = {isa = PBXFileReference; lastKnownFileType = sourcecode.swift; path = UserAuth.swift; sourceTree = "<group>"; };
		333D18322336DECC0005AD45 /* Shelf.app */ = {isa = PBXFileReference; explicitFileType = wrapper.application; includeInIndex = 0; path = Shelf.app; sourceTree = BUILT_PRODUCTS_DIR; };
		333D18352336DECC0005AD45 /* AppDelegate.swift */ = {isa = PBXFileReference; lastKnownFileType = sourcecode.swift; path = AppDelegate.swift; sourceTree = "<group>"; };
		333D18372336DECC0005AD45 /* SceneDelegate.swift */ = {isa = PBXFileReference; lastKnownFileType = sourcecode.swift; path = SceneDelegate.swift; sourceTree = "<group>"; };
		333D183A2336DECC0005AD45 /* Shelf.xcdatamodel */ = {isa = PBXFileReference; lastKnownFileType = wrapper.xcdatamodel; path = Shelf.xcdatamodel; sourceTree = "<group>"; };
		333D183C2336DECC0005AD45 /* ContentView.swift */ = {isa = PBXFileReference; lastKnownFileType = sourcecode.swift; path = ContentView.swift; sourceTree = "<group>"; };
		333D183E2336DECE0005AD45 /* Assets.xcassets */ = {isa = PBXFileReference; lastKnownFileType = folder.assetcatalog; path = Assets.xcassets; sourceTree = "<group>"; };
		333D18412336DECE0005AD45 /* Preview Assets.xcassets */ = {isa = PBXFileReference; lastKnownFileType = folder.assetcatalog; path = "Preview Assets.xcassets"; sourceTree = "<group>"; };
		333D18442336DECE0005AD45 /* Base */ = {isa = PBXFileReference; lastKnownFileType = file.storyboard; name = Base; path = Base.lproj/LaunchScreen.storyboard; sourceTree = "<group>"; };
		333D18462336DECE0005AD45 /* Info.plist */ = {isa = PBXFileReference; lastKnownFileType = text.plist.xml; path = Info.plist; sourceTree = "<group>"; };
		333D184B2336DECE0005AD45 /* ShelfTests.xctest */ = {isa = PBXFileReference; explicitFileType = wrapper.cfbundle; includeInIndex = 0; path = ShelfTests.xctest; sourceTree = BUILT_PRODUCTS_DIR; };
		333D184F2336DECE0005AD45 /* ShelfTests.swift */ = {isa = PBXFileReference; lastKnownFileType = sourcecode.swift; path = ShelfTests.swift; sourceTree = "<group>"; };
		333D18512336DECE0005AD45 /* Info.plist */ = {isa = PBXFileReference; lastKnownFileType = text.plist.xml; path = Info.plist; sourceTree = "<group>"; };
		333D18562336DECF0005AD45 /* ShelfUITests.xctest */ = {isa = PBXFileReference; explicitFileType = wrapper.cfbundle; includeInIndex = 0; path = ShelfUITests.xctest; sourceTree = BUILT_PRODUCTS_DIR; };
		333D185A2336DECF0005AD45 /* ShelfUITests.swift */ = {isa = PBXFileReference; lastKnownFileType = sourcecode.swift; path = ShelfUITests.swift; sourceTree = "<group>"; };
		333D185C2336DECF0005AD45 /* Info.plist */ = {isa = PBXFileReference; lastKnownFileType = text.plist.xml; path = Info.plist; sourceTree = "<group>"; };
		3365D2DC234FE76A003E6B79 /* HomeView.swift */ = {isa = PBXFileReference; lastKnownFileType = sourcecode.swift; path = HomeView.swift; sourceTree = "<group>"; };
		33C3C1AA2353A78C00E1652A /* LoginService.swift */ = {isa = PBXFileReference; lastKnownFileType = sourcecode.swift; path = LoginService.swift; sourceTree = "<group>"; };
		33C3C1B22353BF0200E1652A /* User.swift */ = {isa = PBXFileReference; lastKnownFileType = sourcecode.swift; path = User.swift; sourceTree = "<group>"; };
		33C3C1B42353C62B00E1652A /* Game.swift */ = {isa = PBXFileReference; lastKnownFileType = sourcecode.swift; path = Game.swift; sourceTree = "<group>"; };
		33C3C1B62353EC7200E1652A /* LoginView.swift */ = {isa = PBXFileReference; lastKnownFileType = sourcecode.swift; path = LoginView.swift; sourceTree = "<group>"; };
/* End PBXFileReference section */

/* Begin PBXFrameworksBuildPhase section */
		333D182F2336DECC0005AD45 /* Frameworks */ = {
			isa = PBXFrameworksBuildPhase;
			buildActionMask = 2147483647;
			files = (
				33C3C1A92353A46700E1652A /* SwiftyJSON in Frameworks */,
				33C3C1B12353B7AD00E1652A /* Alamofire in Frameworks */,
			);
			runOnlyForDeploymentPostprocessing = 0;
		};
		333D18482336DECE0005AD45 /* Frameworks */ = {
			isa = PBXFrameworksBuildPhase;
			buildActionMask = 2147483647;
			files = (
			);
			runOnlyForDeploymentPostprocessing = 0;
		};
		333D18532336DECF0005AD45 /* Frameworks */ = {
			isa = PBXFrameworksBuildPhase;
			buildActionMask = 2147483647;
			files = (
			);
			runOnlyForDeploymentPostprocessing = 0;
		};
/* End PBXFrameworksBuildPhase section */

/* Begin PBXGroup section */
		3334CC922350D8B3000D9A0E /* Views */ = {
			isa = PBXGroup;
			children = (
			);
			path = Views;
			sourceTree = "<group>";
		};
		333D18292336DECC0005AD45 = {
			isa = PBXGroup;
			children = (
				333D18342336DECC0005AD45 /* Shelf */,
				333D184E2336DECE0005AD45 /* ShelfTests */,
				333D18592336DECF0005AD45 /* ShelfUITests */,
				333D18332336DECC0005AD45 /* Products */,
			);
			sourceTree = "<group>";
		};
		333D18332336DECC0005AD45 /* Products */ = {
			isa = PBXGroup;
			children = (
				333D18322336DECC0005AD45 /* Shelf.app */,
				333D184B2336DECE0005AD45 /* ShelfTests.xctest */,
				333D18562336DECF0005AD45 /* ShelfUITests.xctest */,
			);
			name = Products;
			sourceTree = "<group>";
		};
		333D18342336DECC0005AD45 /* Shelf */ = {
			isa = PBXGroup;
			children = (
				3334CC922350D8B3000D9A0E /* Views */,
				3365D2DC234FE76A003E6B79 /* HomeView.swift */,
				33057EDE2354004600AD06DB /* TabRowView.swift */,
				333D18352336DECC0005AD45 /* AppDelegate.swift */,
				333D18372336DECC0005AD45 /* SceneDelegate.swift */,
				333D183C2336DECC0005AD45 /* ContentView.swift */,
				33057EE0235403A400AD06DB /* UserAuth.swift */,
				33C3C1B62353EC7200E1652A /* LoginView.swift */,
				33C3C1AA2353A78C00E1652A /* LoginService.swift */,
				333D183E2336DECE0005AD45 /* Assets.xcassets */,
				333D18432336DECE0005AD45 /* LaunchScreen.storyboard */,
				333D18462336DECE0005AD45 /* Info.plist */,
				333D18392336DECC0005AD45 /* Shelf.xcdatamodeld */,
				333D18402336DECE0005AD45 /* Preview Content */,
				33C3C1B22353BF0200E1652A /* User.swift */,
				33C3C1B42353C62B00E1652A /* Game.swift */,
			);
			path = Shelf;
			sourceTree = "<group>";
		};
		333D18402336DECE0005AD45 /* Preview Content */ = {
			isa = PBXGroup;
			children = (
				333D18412336DECE0005AD45 /* Preview Assets.xcassets */,
			);
			path = "Preview Content";
			sourceTree = "<group>";
		};
		333D184E2336DECE0005AD45 /* ShelfTests */ = {
			isa = PBXGroup;
			children = (
				333D184F2336DECE0005AD45 /* ShelfTests.swift */,
				333D18512336DECE0005AD45 /* Info.plist */,
			);
			path = ShelfTests;
			sourceTree = "<group>";
		};
		333D18592336DECF0005AD45 /* ShelfUITests */ = {
			isa = PBXGroup;
			children = (
				333D185A2336DECF0005AD45 /* ShelfUITests.swift */,
				333D185C2336DECF0005AD45 /* Info.plist */,
			);
			path = ShelfUITests;
			sourceTree = "<group>";
		};
/* End PBXGroup section */

/* Begin PBXNativeTarget section */
		333D18312336DECC0005AD45 /* Shelf */ = {
			isa = PBXNativeTarget;
			buildConfigurationList = 333D185F2336DECF0005AD45 /* Build configuration list for PBXNativeTarget "Shelf" */;
			buildPhases = (
				333D182E2336DECC0005AD45 /* Sources */,
				333D182F2336DECC0005AD45 /* Frameworks */,
				333D18302336DECC0005AD45 /* Resources */,
			);
			buildRules = (
			);
			dependencies = (
			);
			name = Shelf;
			packageProductDependencies = (
				33C3C1A82353A46700E1652A /* SwiftyJSON */,
				33C3C1B02353B7AD00E1652A /* Alamofire */,
			);
			productName = Shelf;
			productReference = 333D18322336DECC0005AD45 /* Shelf.app */;
			productType = "com.apple.product-type.application";
		};
		333D184A2336DECE0005AD45 /* ShelfTests */ = {
			isa = PBXNativeTarget;
			buildConfigurationList = 333D18622336DECF0005AD45 /* Build configuration list for PBXNativeTarget "ShelfTests" */;
			buildPhases = (
				333D18472336DECE0005AD45 /* Sources */,
				333D18482336DECE0005AD45 /* Frameworks */,
				333D18492336DECE0005AD45 /* Resources */,
			);
			buildRules = (
			);
			dependencies = (
				333D184D2336DECE0005AD45 /* PBXTargetDependency */,
			);
			name = ShelfTests;
			productName = ShelfTests;
			productReference = 333D184B2336DECE0005AD45 /* ShelfTests.xctest */;
			productType = "com.apple.product-type.bundle.unit-test";
		};
		333D18552336DECF0005AD45 /* ShelfUITests */ = {
			isa = PBXNativeTarget;
			buildConfigurationList = 333D18652336DECF0005AD45 /* Build configuration list for PBXNativeTarget "ShelfUITests" */;
			buildPhases = (
				333D18522336DECF0005AD45 /* Sources */,
				333D18532336DECF0005AD45 /* Frameworks */,
				333D18542336DECF0005AD45 /* Resources */,
			);
			buildRules = (
			);
			dependencies = (
				333D18582336DECF0005AD45 /* PBXTargetDependency */,
			);
			name = ShelfUITests;
			productName = ShelfUITests;
			productReference = 333D18562336DECF0005AD45 /* ShelfUITests.xctest */;
			productType = "com.apple.product-type.bundle.ui-testing";
		};
/* End PBXNativeTarget section */

/* Begin PBXProject section */
		333D182A2336DECC0005AD45 /* Project object */ = {
			isa = PBXProject;
			attributes = {
				LastSwiftUpdateCheck = 1100;
				LastUpgradeCheck = 1100;
				ORGANIZATIONNAME = CS407;
				TargetAttributes = {
					333D18312336DECC0005AD45 = {
						CreatedOnToolsVersion = 11.0;
					};
					333D184A2336DECE0005AD45 = {
						CreatedOnToolsVersion = 11.0;
						TestTargetID = 333D18312336DECC0005AD45;
					};
					333D18552336DECF0005AD45 = {
						CreatedOnToolsVersion = 11.0;
						TestTargetID = 333D18312336DECC0005AD45;
					};
				};
			};
			buildConfigurationList = 333D182D2336DECC0005AD45 /* Build configuration list for PBXProject "Shelf" */;
			compatibilityVersion = "Xcode 9.3";
			developmentRegion = en;
			hasScannedForEncodings = 0;
			knownRegions = (
				en,
				Base,
			);
			mainGroup = 333D18292336DECC0005AD45;
			packageReferences = (
				33C3C1A72353A46700E1652A /* XCRemoteSwiftPackageReference "SwiftyJSON" */,
				33C3C1AF2353B7AD00E1652A /* XCRemoteSwiftPackageReference "Alamofire" */,
			);
			productRefGroup = 333D18332336DECC0005AD45 /* Products */;
			projectDirPath = "";
			projectRoot = "";
			targets = (
				333D18312336DECC0005AD45 /* Shelf */,
				333D184A2336DECE0005AD45 /* ShelfTests */,
				333D18552336DECF0005AD45 /* ShelfUITests */,
			);
		};
/* End PBXProject section */

/* Begin PBXResourcesBuildPhase section */
		333D18302336DECC0005AD45 /* Resources */ = {
			isa = PBXResourcesBuildPhase;
			buildActionMask = 2147483647;
			files = (
				333D18452336DECE0005AD45 /* LaunchScreen.storyboard in Resources */,
				333D18422336DECE0005AD45 /* Preview Assets.xcassets in Resources */,
				333D183F2336DECE0005AD45 /* Assets.xcassets in Resources */,
			);
			runOnlyForDeploymentPostprocessing = 0;
		};
		333D18492336DECE0005AD45 /* Resources */ = {
			isa = PBXResourcesBuildPhase;
			buildActionMask = 2147483647;
			files = (
			);
			runOnlyForDeploymentPostprocessing = 0;
		};
		333D18542336DECF0005AD45 /* Resources */ = {
			isa = PBXResourcesBuildPhase;
			buildActionMask = 2147483647;
			files = (
			);
			runOnlyForDeploymentPostprocessing = 0;
		};
/* End PBXResourcesBuildPhase section */

/* Begin PBXSourcesBuildPhase section */
		333D182E2336DECC0005AD45 /* Sources */ = {
			isa = PBXSourcesBuildPhase;
			buildActionMask = 2147483647;
			files = (
				333D183B2336DECC0005AD45 /* Shelf.xcdatamodeld in Sources */,
				33C3C1AB2353A78C00E1652A /* LoginService.swift in Sources */,
				333D18362336DECC0005AD45 /* AppDelegate.swift in Sources */,
				33C3C1B72353EC7200E1652A /* LoginView.swift in Sources */,
				333D183D2336DECC0005AD45 /* ContentView.swift in Sources */,
				3365D2DD234FE76A003E6B79 /* HomeView.swift in Sources */,
				333D18382336DECC0005AD45 /* SceneDelegate.swift in Sources */,
				33C3C1B32353BF0200E1652A /* User.swift in Sources */,
				33C3C1B52353C62B00E1652A /* Game.swift in Sources */,
				33057EE1235403A400AD06DB /* UserAuth.swift in Sources */,
				33057EDF2354004600AD06DB /* TabRowView.swift in Sources */,
			);
			runOnlyForDeploymentPostprocessing = 0;
		};
		333D18472336DECE0005AD45 /* Sources */ = {
			isa = PBXSourcesBuildPhase;
			buildActionMask = 2147483647;
			files = (
				333D18502336DECE0005AD45 /* ShelfTests.swift in Sources */,
			);
			runOnlyForDeploymentPostprocessing = 0;
		};
		333D18522336DECF0005AD45 /* Sources */ = {
			isa = PBXSourcesBuildPhase;
			buildActionMask = 2147483647;
			files = (
				333D185B2336DECF0005AD45 /* ShelfUITests.swift in Sources */,
			);
			runOnlyForDeploymentPostprocessing = 0;
		};
/* End PBXSourcesBuildPhase section */

/* Begin PBXTargetDependency section */
		333D184D2336DECE0005AD45 /* PBXTargetDependency */ = {
			isa = PBXTargetDependency;
			target = 333D18312336DECC0005AD45 /* Shelf */;
			targetProxy = 333D184C2336DECE0005AD45 /* PBXContainerItemProxy */;
		};
		333D18582336DECF0005AD45 /* PBXTargetDependency */ = {
			isa = PBXTargetDependency;
			target = 333D18312336DECC0005AD45 /* Shelf */;
			targetProxy = 333D18572336DECF0005AD45 /* PBXContainerItemProxy */;
		};
/* End PBXTargetDependency section */

/* Begin PBXVariantGroup section */
		333D18432336DECE0005AD45 /* LaunchScreen.storyboard */ = {
			isa = PBXVariantGroup;
			children = (
				333D18442336DECE0005AD45 /* Base */,
			);
			name = LaunchScreen.storyboard;
			sourceTree = "<group>";
		};
/* End PBXVariantGroup section */

/* Begin XCBuildConfiguration section */
		333D185D2336DECF0005AD45 /* Debug */ = {
			isa = XCBuildConfiguration;
			buildSettings = {
				ALWAYS_SEARCH_USER_PATHS = NO;
				CLANG_ANALYZER_NONNULL = YES;
				CLANG_ANALYZER_NUMBER_OBJECT_CONVERSION = YES_AGGRESSIVE;
				CLANG_CXX_LANGUAGE_STANDARD = "gnu++14";
				CLANG_CXX_LIBRARY = "libc++";
				CLANG_ENABLE_MODULES = YES;
				CLANG_ENABLE_OBJC_ARC = YES;
				CLANG_ENABLE_OBJC_WEAK = YES;
				CLANG_WARN_BLOCK_CAPTURE_AUTORELEASING = YES;
				CLANG_WARN_BOOL_CONVERSION = YES;
				CLANG_WARN_COMMA = YES;
				CLANG_WARN_CONSTANT_CONVERSION = YES;
				CLANG_WARN_DEPRECATED_OBJC_IMPLEMENTATIONS = YES;
				CLANG_WARN_DIRECT_OBJC_ISA_USAGE = YES_ERROR;
				CLANG_WARN_DOCUMENTATION_COMMENTS = YES;
				CLANG_WARN_EMPTY_BODY = YES;
				CLANG_WARN_ENUM_CONVERSION = YES;
				CLANG_WARN_INFINITE_RECURSION = YES;
				CLANG_WARN_INT_CONVERSION = YES;
				CLANG_WARN_NON_LITERAL_NULL_CONVERSION = YES;
				CLANG_WARN_OBJC_IMPLICIT_RETAIN_SELF = YES;
				CLANG_WARN_OBJC_LITERAL_CONVERSION = YES;
				CLANG_WARN_OBJC_ROOT_CLASS = YES_ERROR;
				CLANG_WARN_RANGE_LOOP_ANALYSIS = YES;
				CLANG_WARN_STRICT_PROTOTYPES = YES;
				CLANG_WARN_SUSPICIOUS_MOVE = YES;
				CLANG_WARN_UNGUARDED_AVAILABILITY = YES_AGGRESSIVE;
				CLANG_WARN_UNREACHABLE_CODE = YES;
				CLANG_WARN__DUPLICATE_METHOD_MATCH = YES;
				COPY_PHASE_STRIP = NO;
				DEBUG_INFORMATION_FORMAT = dwarf;
				ENABLE_STRICT_OBJC_MSGSEND = YES;
				ENABLE_TESTABILITY = YES;
				GCC_C_LANGUAGE_STANDARD = gnu11;
				GCC_DYNAMIC_NO_PIC = NO;
				GCC_NO_COMMON_BLOCKS = YES;
				GCC_OPTIMIZATION_LEVEL = 0;
				GCC_PREPROCESSOR_DEFINITIONS = (
					"DEBUG=1",
					"$(inherited)",
				);
				GCC_WARN_64_TO_32_BIT_CONVERSION = YES;
				GCC_WARN_ABOUT_RETURN_TYPE = YES_ERROR;
				GCC_WARN_UNDECLARED_SELECTOR = YES;
				GCC_WARN_UNINITIALIZED_AUTOS = YES_AGGRESSIVE;
				GCC_WARN_UNUSED_FUNCTION = YES;
				GCC_WARN_UNUSED_VARIABLE = YES;
				IPHONEOS_DEPLOYMENT_TARGET = 13.0;
				MTL_ENABLE_DEBUG_INFO = INCLUDE_SOURCE;
				MTL_FAST_MATH = YES;
				ONLY_ACTIVE_ARCH = YES;
				SDKROOT = iphoneos;
				SWIFT_ACTIVE_COMPILATION_CONDITIONS = DEBUG;
				SWIFT_OPTIMIZATION_LEVEL = "-Onone";
			};
			name = Debug;
		};
		333D185E2336DECF0005AD45 /* Release */ = {
			isa = XCBuildConfiguration;
			buildSettings = {
				ALWAYS_SEARCH_USER_PATHS = NO;
				CLANG_ANALYZER_NONNULL = YES;
				CLANG_ANALYZER_NUMBER_OBJECT_CONVERSION = YES_AGGRESSIVE;
				CLANG_CXX_LANGUAGE_STANDARD = "gnu++14";
				CLANG_CXX_LIBRARY = "libc++";
				CLANG_ENABLE_MODULES = YES;
				CLANG_ENABLE_OBJC_ARC = YES;
				CLANG_ENABLE_OBJC_WEAK = YES;
				CLANG_WARN_BLOCK_CAPTURE_AUTORELEASING = YES;
				CLANG_WARN_BOOL_CONVERSION = YES;
				CLANG_WARN_COMMA = YES;
				CLANG_WARN_CONSTANT_CONVERSION = YES;
				CLANG_WARN_DEPRECATED_OBJC_IMPLEMENTATIONS = YES;
				CLANG_WARN_DIRECT_OBJC_ISA_USAGE = YES_ERROR;
				CLANG_WARN_DOCUMENTATION_COMMENTS = YES;
				CLANG_WARN_EMPTY_BODY = YES;
				CLANG_WARN_ENUM_CONVERSION = YES;
				CLANG_WARN_INFINITE_RECURSION = YES;
				CLANG_WARN_INT_CONVERSION = YES;
				CLANG_WARN_NON_LITERAL_NULL_CONVERSION = YES;
				CLANG_WARN_OBJC_IMPLICIT_RETAIN_SELF = YES;
				CLANG_WARN_OBJC_LITERAL_CONVERSION = YES;
				CLANG_WARN_OBJC_ROOT_CLASS = YES_ERROR;
				CLANG_WARN_RANGE_LOOP_ANALYSIS = YES;
				CLANG_WARN_STRICT_PROTOTYPES = YES;
				CLANG_WARN_SUSPICIOUS_MOVE = YES;
				CLANG_WARN_UNGUARDED_AVAILABILITY = YES_AGGRESSIVE;
				CLANG_WARN_UNREACHABLE_CODE = YES;
				CLANG_WARN__DUPLICATE_METHOD_MATCH = YES;
				COPY_PHASE_STRIP = NO;
				DEBUG_INFORMATION_FORMAT = "dwarf-with-dsym";
				ENABLE_NS_ASSERTIONS = NO;
				ENABLE_STRICT_OBJC_MSGSEND = YES;
				GCC_C_LANGUAGE_STANDARD = gnu11;
				GCC_NO_COMMON_BLOCKS = YES;
				GCC_WARN_64_TO_32_BIT_CONVERSION = YES;
				GCC_WARN_ABOUT_RETURN_TYPE = YES_ERROR;
				GCC_WARN_UNDECLARED_SELECTOR = YES;
				GCC_WARN_UNINITIALIZED_AUTOS = YES_AGGRESSIVE;
				GCC_WARN_UNUSED_FUNCTION = YES;
				GCC_WARN_UNUSED_VARIABLE = YES;
				IPHONEOS_DEPLOYMENT_TARGET = 13.0;
				MTL_ENABLE_DEBUG_INFO = NO;
				MTL_FAST_MATH = YES;
				SDKROOT = iphoneos;
				SWIFT_COMPILATION_MODE = wholemodule;
				SWIFT_OPTIMIZATION_LEVEL = "-O";
				VALIDATE_PRODUCT = YES;
			};
			name = Release;
		};
		333D18602336DECF0005AD45 /* Debug */ = {
			isa = XCBuildConfiguration;
			buildSettings = {
				ASSETCATALOG_COMPILER_APPICON_NAME = AppIcon;
				CODE_SIGN_STYLE = Automatic;
				DEVELOPMENT_ASSET_PATHS = "\"Shelf/Preview Content\"";
				DEVELOPMENT_TEAM = 4MLS2VE8Z4;
				ENABLE_PREVIEWS = YES;
				INFOPLIST_FILE = Shelf/Info.plist;
				LD_RUNPATH_SEARCH_PATHS = (
					"$(inherited)",
					"@executable_path/Frameworks",
				);
				PRODUCT_BUNDLE_IDENTIFIER = CS407.Shelf;
				PRODUCT_NAME = "$(TARGET_NAME)";
				SWIFT_VERSION = 5.0;
				TARGETED_DEVICE_FAMILY = "1,2";
			};
			name = Debug;
		};
		333D18612336DECF0005AD45 /* Release */ = {
			isa = XCBuildConfiguration;
			buildSettings = {
				ASSETCATALOG_COMPILER_APPICON_NAME = AppIcon;
				CODE_SIGN_STYLE = Automatic;
				DEVELOPMENT_ASSET_PATHS = "\"Shelf/Preview Content\"";
				DEVELOPMENT_TEAM = 4MLS2VE8Z4;
				ENABLE_PREVIEWS = YES;
				INFOPLIST_FILE = Shelf/Info.plist;
				LD_RUNPATH_SEARCH_PATHS = (
					"$(inherited)",
					"@executable_path/Frameworks",
				);
				PRODUCT_BUNDLE_IDENTIFIER = CS407.Shelf;
				PRODUCT_NAME = "$(TARGET_NAME)";
				SWIFT_VERSION = 5.0;
				TARGETED_DEVICE_FAMILY = "1,2";
			};
			name = Release;
		};
		333D18632336DECF0005AD45 /* Debug */ = {
			isa = XCBuildConfiguration;
			buildSettings = {
				ALWAYS_EMBED_SWIFT_STANDARD_LIBRARIES = YES;
				BUNDLE_LOADER = "$(TEST_HOST)";
				CODE_SIGN_STYLE = Automatic;
				DEVELOPMENT_TEAM = 4MLS2VE8Z4;
				INFOPLIST_FILE = ShelfTests/Info.plist;
				IPHONEOS_DEPLOYMENT_TARGET = 13.0;
				LD_RUNPATH_SEARCH_PATHS = (
					"$(inherited)",
					"@executable_path/Frameworks",
					"@loader_path/Frameworks",
				);
				PRODUCT_BUNDLE_IDENTIFIER = CS407.ShelfTests;
				PRODUCT_NAME = "$(TARGET_NAME)";
				SWIFT_VERSION = 5.0;
				TARGETED_DEVICE_FAMILY = "1,2";
				TEST_HOST = "$(BUILT_PRODUCTS_DIR)/Shelf.app/Shelf";
			};
			name = Debug;
		};
		333D18642336DECF0005AD45 /* Release */ = {
			isa = XCBuildConfiguration;
			buildSettings = {
				ALWAYS_EMBED_SWIFT_STANDARD_LIBRARIES = YES;
				BUNDLE_LOADER = "$(TEST_HOST)";
				CODE_SIGN_STYLE = Automatic;
				DEVELOPMENT_TEAM = 4MLS2VE8Z4;
				INFOPLIST_FILE = ShelfTests/Info.plist;
				IPHONEOS_DEPLOYMENT_TARGET = 13.0;
				LD_RUNPATH_SEARCH_PATHS = (
					"$(inherited)",
					"@executable_path/Frameworks",
					"@loader_path/Frameworks",
				);
				PRODUCT_BUNDLE_IDENTIFIER = CS407.ShelfTests;
				PRODUCT_NAME = "$(TARGET_NAME)";
				SWIFT_VERSION = 5.0;
				TARGETED_DEVICE_FAMILY = "1,2";
				TEST_HOST = "$(BUILT_PRODUCTS_DIR)/Shelf.app/Shelf";
			};
			name = Release;
		};
		333D18662336DECF0005AD45 /* Debug */ = {
			isa = XCBuildConfiguration;
			buildSettings = {
				ALWAYS_EMBED_SWIFT_STANDARD_LIBRARIES = YES;
				CODE_SIGN_STYLE = Automatic;
				DEVELOPMENT_TEAM = 4MLS2VE8Z4;
				INFOPLIST_FILE = ShelfUITests/Info.plist;
				LD_RUNPATH_SEARCH_PATHS = (
					"$(inherited)",
					"@executable_path/Frameworks",
					"@loader_path/Frameworks",
				);
				PRODUCT_BUNDLE_IDENTIFIER = CS407.ShelfUITests;
				PRODUCT_NAME = "$(TARGET_NAME)";
				SWIFT_VERSION = 5.0;
				TARGETED_DEVICE_FAMILY = "1,2";
				TEST_TARGET_NAME = Shelf;
			};
			name = Debug;
		};
		333D18672336DECF0005AD45 /* Release */ = {
			isa = XCBuildConfiguration;
			buildSettings = {
				ALWAYS_EMBED_SWIFT_STANDARD_LIBRARIES = YES;
				CODE_SIGN_STYLE = Automatic;
				DEVELOPMENT_TEAM = 4MLS2VE8Z4;
				INFOPLIST_FILE = ShelfUITests/Info.plist;
				LD_RUNPATH_SEARCH_PATHS = (
					"$(inherited)",
					"@executable_path/Frameworks",
					"@loader_path/Frameworks",
				);
				PRODUCT_BUNDLE_IDENTIFIER = CS407.ShelfUITests;
				PRODUCT_NAME = "$(TARGET_NAME)";
				SWIFT_VERSION = 5.0;
				TARGETED_DEVICE_FAMILY = "1,2";
				TEST_TARGET_NAME = Shelf;
			};
			name = Release;
		};
/* End XCBuildConfiguration section */

/* Begin XCConfigurationList section */
		333D182D2336DECC0005AD45 /* Build configuration list for PBXProject "Shelf" */ = {
			isa = XCConfigurationList;
			buildConfigurations = (
				333D185D2336DECF0005AD45 /* Debug */,
				333D185E2336DECF0005AD45 /* Release */,
			);
			defaultConfigurationIsVisible = 0;
			defaultConfigurationName = Release;
		};
		333D185F2336DECF0005AD45 /* Build configuration list for PBXNativeTarget "Shelf" */ = {
			isa = XCConfigurationList;
			buildConfigurations = (
				333D18602336DECF0005AD45 /* Debug */,
				333D18612336DECF0005AD45 /* Release */,
			);
			defaultConfigurationIsVisible = 0;
			defaultConfigurationName = Release;
		};
		333D18622336DECF0005AD45 /* Build configuration list for PBXNativeTarget "ShelfTests" */ = {
			isa = XCConfigurationList;
			buildConfigurations = (
				333D18632336DECF0005AD45 /* Debug */,
				333D18642336DECF0005AD45 /* Release */,
			);
			defaultConfigurationIsVisible = 0;
			defaultConfigurationName = Release;
		};
		333D18652336DECF0005AD45 /* Build configuration list for PBXNativeTarget "ShelfUITests" */ = {
			isa = XCConfigurationList;
			buildConfigurations = (
				333D18662336DECF0005AD45 /* Debug */,
				333D18672336DECF0005AD45 /* Release */,
			);
			defaultConfigurationIsVisible = 0;
			defaultConfigurationName = Release;
		};
/* End XCConfigurationList section */

/* Begin XCRemoteSwiftPackageReference section */
		33C3C1A72353A46700E1652A /* XCRemoteSwiftPackageReference "SwiftyJSON" */ = {
			isa = XCRemoteSwiftPackageReference;
			repositoryURL = "https://github.com/SwiftyJSON/SwiftyJSON.git";
			requirement = {
				kind = upToNextMajorVersion;
				minimumVersion = 5.0.0;
			};
		};
		33C3C1AF2353B7AD00E1652A /* XCRemoteSwiftPackageReference "Alamofire" */ = {
			isa = XCRemoteSwiftPackageReference;
			repositoryURL = "https://github.com/Alamofire/Alamofire.git";
			requirement = {
				kind = exactVersion;
				version = "5.0.0-rc.2";
			};
		};
/* End XCRemoteSwiftPackageReference section */

/* Begin XCSwiftPackageProductDependency section */
		33C3C1A82353A46700E1652A /* SwiftyJSON */ = {
			isa = XCSwiftPackageProductDependency;
			package = 33C3C1A72353A46700E1652A /* XCRemoteSwiftPackageReference "SwiftyJSON" */;
			productName = SwiftyJSON;
		};
		33C3C1B02353B7AD00E1652A /* Alamofire */ = {
			isa = XCSwiftPackageProductDependency;
			package = 33C3C1AF2353B7AD00E1652A /* XCRemoteSwiftPackageReference "Alamofire" */;
			productName = Alamofire;
		};
/* End XCSwiftPackageProductDependency section */

/* Begin XCVersionGroup section */
		333D18392336DECC0005AD45 /* Shelf.xcdatamodeld */ = {
			isa = XCVersionGroup;
			children = (
				333D183A2336DECC0005AD45 /* Shelf.xcdatamodel */,
			);
			currentVersion = 333D183A2336DECC0005AD45 /* Shelf.xcdatamodel */;
			path = Shelf.xcdatamodeld;
			sourceTree = "<group>";
			versionGroupType = wrapper.xcdatamodel;
		};
/* End XCVersionGroup section */
	};
	rootObject = 333D182A2336DECC0005AD45 /* Project object */;
}
